// !$*UTF8*$!
{
	archiveVersion = 1;
	classes = {
	};
	objectVersion = 46;
	objects = {

/* Begin PBXBuildFile section */
		1D3623260D0F684500981E51 /* AgileAndBeyondAppDelegate.m in Sources */ = {isa = PBXBuildFile; fileRef = 1D3623250D0F684500981E51 /* AgileAndBeyondAppDelegate.m */; };
		1D60589B0D05DD56006BFB54 /* main.m in Sources */ = {isa = PBXBuildFile; fileRef = 29B97316FDCFA39411CA2CEA /* main.m */; };
		1D60589F0D05DD5A006BFB54 /* Foundation.framework in Frameworks */ = {isa = PBXBuildFile; fileRef = 1D30AB110D05D00D00671497 /* Foundation.framework */; };
		288765080DF74369002DB57D /* CoreGraphics.framework in Frameworks */ = {isa = PBXBuildFile; fileRef = 288765070DF74369002DB57D /* CoreGraphics.framework */; };
		28AD73880D9D96C1002E5188 /* MainWindow.xib in Resources */ = {isa = PBXBuildFile; fileRef = 28AD73870D9D96C1002E5188 /* MainWindow.xib */; };
		5D2B4B9812F0D14400EBE32C /* agile_logo_about.png in Resources */ = {isa = PBXBuildFile; fileRef = 5D2B4B9612F0D14400EBE32C /* agile_logo_about.png */; };
		5D2B4B9912F0D14400EBE32C /* riis_logo_about.png in Resources */ = {isa = PBXBuildFile; fileRef = 5D2B4B9712F0D14400EBE32C /* riis_logo_about.png */; };
		5D2B4BA812F1F6DE00EBE32C /* mainFilterSelectionMenu.m in Sources */ = {isa = PBXBuildFile; fileRef = 5D2B4BA712F1F6DE00EBE32C /* mainFilterSelectionMenu.m */; };
		5D2B4BC012F20CDD00EBE32C /* about.png in Resources */ = {isa = PBXBuildFile; fileRef = 5D2B4BB412F20CDD00EBE32C /* about.png */; };
		5D2B4BC112F20CDD00EBE32C /* about@2x.png in Resources */ = {isa = PBXBuildFile; fileRef = 5D2B4BB512F20CDD00EBE32C /* about@2x.png */; };
		5D2B4BC212F20CDD00EBE32C /* agileApp_Icon.png in Resources */ = {isa = PBXBuildFile; fileRef = 5D2B4BB612F20CDD00EBE32C /* agileApp_Icon.png */; };
		5D2B4BC312F20CDD00EBE32C /* agileApp_Icon@2x.png in Resources */ = {isa = PBXBuildFile; fileRef = 5D2B4BB712F20CDD00EBE32C /* agileApp_Icon@2x.png */; };
		5D2B4BC412F20CDD00EBE32C /* default.png in Resources */ = {isa = PBXBuildFile; fileRef = 5D2B4BB812F20CDD00EBE32C /* default.png */; };
		5D2B4BC512F20CDD00EBE32C /* default@2x.png in Resources */ = {isa = PBXBuildFile; fileRef = 5D2B4BB912F20CDD00EBE32C /* default@2x.png */; };
		5D2B4BC612F20CDD00EBE32C /* mySessions.png in Resources */ = {isa = PBXBuildFile; fileRef = 5D2B4BBA12F20CDD00EBE32C /* mySessions.png */; };
		5D2B4BC712F20CDD00EBE32C /* mySessions@2x.png in Resources */ = {isa = PBXBuildFile; fileRef = 5D2B4BBB12F20CDD00EBE32C /* mySessions@2x.png */; };
		5D2B4BC812F20CDD00EBE32C /* news.png in Resources */ = {isa = PBXBuildFile; fileRef = 5D2B4BBC12F20CDD00EBE32C /* news.png */; };
		5D2B4BC912F20CDD00EBE32C /* news@2x.png in Resources */ = {isa = PBXBuildFile; fileRef = 5D2B4BBD12F20CDD00EBE32C /* news@2x.png */; };
		5D2B4BCA12F20CDD00EBE32C /* sessions.png in Resources */ = {isa = PBXBuildFile; fileRef = 5D2B4BBE12F20CDD00EBE32C /* sessions.png */; };
		5D2B4BCB12F20CDD00EBE32C /* sessions@2x.png in Resources */ = {isa = PBXBuildFile; fileRef = 5D2B4BBF12F20CDD00EBE32C /* sessions@2x.png */; };
		5D40583712F236D800780517 /* sessionListViewController.m in Sources */ = {isa = PBXBuildFile; fileRef = 5D40583512F236D800780517 /* sessionListViewController.m */; };
		5D40583812F236D800780517 /* sessionListViewController.xib in Resources */ = {isa = PBXBuildFile; fileRef = 5D40583612F236D800780517 /* sessionListViewController.xib */; };
		5D40589B12F34D8000780517 /* session.m in Sources */ = {isa = PBXBuildFile; fileRef = 5D40589A12F34D8000780517 /* session.m */; };
		5D8C9CF112FB05C70064459D /* sessionDetailsViewController.m in Sources */ = {isa = PBXBuildFile; fileRef = 5D8C9CEF12FB05C70064459D /* sessionDetailsViewController.m */; };
		5D8C9CF212FB05C70064459D /* sessionDetailsViewController.xib in Resources */ = {isa = PBXBuildFile; fileRef = 5D8C9CF012FB05C70064459D /* sessionDetailsViewController.xib */; };
		5D8C9E9C12FC713F0064459D /* AAB2011-people.plist in Resources */ = {isa = PBXBuildFile; fileRef = 5D8C9E9B12FC713F0064459D /* AAB2011-people.plist */; };
		5D8C9EB512FC84210064459D /* personDetailsViewController.m in Sources */ = {isa = PBXBuildFile; fileRef = 5D8C9EB312FC84210064459D /* personDetailsViewController.m */; };
		5D8C9EB612FC84210064459D /* personDetailsViewController.xib in Resources */ = {isa = PBXBuildFile; fileRef = 5D8C9EB412FC84210064459D /* personDetailsViewController.xib */; };
		5D8C9F5512FDDEB30064459D /* news.plist in Resources */ = {isa = PBXBuildFile; fileRef = 5D8C9F5412FDDEB30064459D /* news.plist */; };
		5D8C9F5912FDDED60064459D /* newsListViewController.m in Sources */ = {isa = PBXBuildFile; fileRef = 5D8C9F5712FDDED60064459D /* newsListViewController.m */; };
		5D8C9F5A12FDDED60064459D /* newsListViewController.xib in Resources */ = {isa = PBXBuildFile; fileRef = 5D8C9F5812FDDED60064459D /* newsListViewController.xib */; };
		5DCF56FD1300A92A004C5CC9 /* aboutAgileLogo_@2x640x440.png in Resources */ = {isa = PBXBuildFile; fileRef = 5DCF56F91300A925004C5CC9 /* aboutAgileLogo_@2x640x440.png */; };
		5DCF56FE1300A92A004C5CC9 /* aboutAgileLogo_320x220.png in Resources */ = {isa = PBXBuildFile; fileRef = 5DCF56FA1300A926004C5CC9 /* aboutAgileLogo_320x220.png */; };
		5DCF56FF1300A92A004C5CC9 /* aboutRIISLogo_@2x640x122.png in Resources */ = {isa = PBXBuildFile; fileRef = 5DCF56FB1300A926004C5CC9 /* aboutRIISLogo_@2x640x122.png */; };
		5DCF57001300A92A004C5CC9 /* aboutRIISLogo_320x61.png in Resources */ = {isa = PBXBuildFile; fileRef = 5DCF56FC1300A92A004C5CC9 /* aboutRIISLogo_320x61.png */; };
		5DE58CB712F72B2800794353 /* AAB2011-initial.plist in Resources */ = {isa = PBXBuildFile; fileRef = 5DE58CB612F72B2800794353 /* AAB2011-initial.plist */; };
		5DE58F9B12F89B9100794353 /* UIKit.framework in Frameworks */ = {isa = PBXBuildFile; fileRef = 5DE58F9A12F89B9100794353 /* UIKit.framework */; };
/* End PBXBuildFile section */

/* Begin PBXFileReference section */
		1D30AB110D05D00D00671497 /* Foundation.framework */ = {isa = PBXFileReference; lastKnownFileType = wrapper.framework; name = Foundation.framework; path = System/Library/Frameworks/Foundation.framework; sourceTree = SDKROOT; };
		1D3623240D0F684500981E51 /* AgileAndBeyondAppDelegate.h */ = {isa = PBXFileReference; fileEncoding = 4; lastKnownFileType = sourcecode.c.h; path = AgileAndBeyondAppDelegate.h; sourceTree = "<group>"; };
		1D3623250D0F684500981E51 /* AgileAndBeyondAppDelegate.m */ = {isa = PBXFileReference; fileEncoding = 4; lastKnownFileType = sourcecode.c.objc; path = AgileAndBeyondAppDelegate.m; sourceTree = "<group>"; };
		1D6058910D05DD3D006BFB54 /* AgileAndBeyond.app */ = {isa = PBXFileReference; explicitFileType = wrapper.application; includeInIndex = 0; path = AgileAndBeyond.app; sourceTree = BUILT_PRODUCTS_DIR; };
		288765070DF74369002DB57D /* CoreGraphics.framework */ = {isa = PBXFileReference; lastKnownFileType = wrapper.framework; name = CoreGraphics.framework; path = System/Library/Frameworks/CoreGraphics.framework; sourceTree = SDKROOT; };
		28A0AB4B0D9B1048005BE974 /* AgileAndBeyond_Prefix.pch */ = {isa = PBXFileReference; fileEncoding = 4; lastKnownFileType = sourcecode.c.h; path = AgileAndBeyond_Prefix.pch; sourceTree = "<group>"; };
		28AD73870D9D96C1002E5188 /* MainWindow.xib */ = {isa = PBXFileReference; lastKnownFileType = file.xib; path = MainWindow.xib; sourceTree = "<group>"; };
		29B97316FDCFA39411CA2CEA /* main.m */ = {isa = PBXFileReference; fileEncoding = 4; lastKnownFileType = sourcecode.c.objc; path = main.m; sourceTree = "<group>"; };
		5D2B4B9612F0D14400EBE32C /* agile_logo_about.png */ = {isa = PBXFileReference; lastKnownFileType = image.png; path = agile_logo_about.png; sourceTree = "<group>"; };
		5D2B4B9712F0D14400EBE32C /* riis_logo_about.png */ = {isa = PBXFileReference; lastKnownFileType = image.png; path = riis_logo_about.png; sourceTree = "<group>"; };
		5D2B4BA612F1F6DE00EBE32C /* mainFilterSelectionMenu.h */ = {isa = PBXFileReference; fileEncoding = 4; lastKnownFileType = sourcecode.c.h; path = mainFilterSelectionMenu.h; sourceTree = "<group>"; };
		5D2B4BA712F1F6DE00EBE32C /* mainFilterSelectionMenu.m */ = {isa = PBXFileReference; fileEncoding = 4; lastKnownFileType = sourcecode.c.objc; path = mainFilterSelectionMenu.m; sourceTree = "<group>"; };
		5D2B4BB412F20CDD00EBE32C /* about.png */ = {isa = PBXFileReference; lastKnownFileType = image.png; path = about.png; sourceTree = "<group>"; };
		5D2B4BB512F20CDD00EBE32C /* about@2x.png */ = {isa = PBXFileReference; lastKnownFileType = image.png; path = "about@2x.png"; sourceTree = "<group>"; };
		5D2B4BB612F20CDD00EBE32C /* agileApp_Icon.png */ = {isa = PBXFileReference; lastKnownFileType = image.png; path = agileApp_Icon.png; sourceTree = "<group>"; };
		5D2B4BB712F20CDD00EBE32C /* agileApp_Icon@2x.png */ = {isa = PBXFileReference; lastKnownFileType = image.png; path = "agileApp_Icon@2x.png"; sourceTree = "<group>"; };
		5D2B4BB812F20CDD00EBE32C /* default.png */ = {isa = PBXFileReference; lastKnownFileType = image.png; path = default.png; sourceTree = "<group>"; };
		5D2B4BB912F20CDD00EBE32C /* default@2x.png */ = {isa = PBXFileReference; lastKnownFileType = image.png; path = "default@2x.png"; sourceTree = "<group>"; };
		5D2B4BBA12F20CDD00EBE32C /* mySessions.png */ = {isa = PBXFileReference; lastKnownFileType = image.png; path = mySessions.png; sourceTree = "<group>"; };
		5D2B4BBB12F20CDD00EBE32C /* mySessions@2x.png */ = {isa = PBXFileReference; lastKnownFileType = image.png; path = "mySessions@2x.png"; sourceTree = "<group>"; };
		5D2B4BBC12F20CDD00EBE32C /* news.png */ = {isa = PBXFileReference; lastKnownFileType = image.png; path = news.png; sourceTree = "<group>"; };
		5D2B4BBD12F20CDD00EBE32C /* news@2x.png */ = {isa = PBXFileReference; lastKnownFileType = image.png; path = "news@2x.png"; sourceTree = "<group>"; };
		5D2B4BBE12F20CDD00EBE32C /* sessions.png */ = {isa = PBXFileReference; lastKnownFileType = image.png; path = sessions.png; sourceTree = "<group>"; };
		5D2B4BBF12F20CDD00EBE32C /* sessions@2x.png */ = {isa = PBXFileReference; lastKnownFileType = image.png; path = "sessions@2x.png"; sourceTree = "<group>"; };
		5D40583412F236D800780517 /* sessionListViewController.h */ = {isa = PBXFileReference; fileEncoding = 4; lastKnownFileType = sourcecode.c.h; path = sessionListViewController.h; sourceTree = "<group>"; };
		5D40583512F236D800780517 /* sessionListViewController.m */ = {isa = PBXFileReference; fileEncoding = 4; lastKnownFileType = sourcecode.c.objc; path = sessionListViewController.m; sourceTree = "<group>"; };
		5D40583612F236D800780517 /* sessionListViewController.xib */ = {isa = PBXFileReference; lastKnownFileType = file.xib; path = sessionListViewController.xib; sourceTree = "<group>"; };
		5D40589912F34D8000780517 /* session.h */ = {isa = PBXFileReference; fileEncoding = 4; lastKnownFileType = sourcecode.c.h; path = session.h; sourceTree = "<group>"; };
		5D40589A12F34D8000780517 /* session.m */ = {isa = PBXFileReference; fileEncoding = 4; lastKnownFileType = sourcecode.c.objc; path = session.m; sourceTree = "<group>"; };
		5D8C9B8112FA02F40064459D /* AgileAndBeyondAppGlobals.h */ = {isa = PBXFileReference; fileEncoding = 4; lastKnownFileType = sourcecode.c.h; path = AgileAndBeyondAppGlobals.h; sourceTree = "<group>"; };
		5D8C9CEE12FB05C70064459D /* sessionDetailsViewController.h */ = {isa = PBXFileReference; fileEncoding = 4; lastKnownFileType = sourcecode.c.h; path = sessionDetailsViewController.h; sourceTree = "<group>"; };
		5D8C9CEF12FB05C70064459D /* sessionDetailsViewController.m */ = {isa = PBXFileReference; fileEncoding = 4; lastKnownFileType = sourcecode.c.objc; path = sessionDetailsViewController.m; sourceTree = "<group>"; };
		5D8C9CF012FB05C70064459D /* sessionDetailsViewController.xib */ = {isa = PBXFileReference; lastKnownFileType = file.xib; path = sessionDetailsViewController.xib; sourceTree = "<group>"; };
		5D8C9E9B12FC713F0064459D /* AAB2011-people.plist */ = {isa = PBXFileReference; fileEncoding = 4; lastKnownFileType = text.plist.xml; path = "AAB2011-people.plist"; sourceTree = "<group>"; };
		5D8C9EB212FC84210064459D /* personDetailsViewController.h */ = {isa = PBXFileReference; fileEncoding = 4; lastKnownFileType = sourcecode.c.h; path = personDetailsViewController.h; sourceTree = "<group>"; };
		5D8C9EB312FC84210064459D /* personDetailsViewController.m */ = {isa = PBXFileReference; fileEncoding = 4; lastKnownFileType = sourcecode.c.objc; path = personDetailsViewController.m; sourceTree = "<group>"; };
		5D8C9EB412FC84210064459D /* personDetailsViewController.xib */ = {isa = PBXFileReference; lastKnownFileType = file.xib; path = personDetailsViewController.xib; sourceTree = "<group>"; };
		5D8C9F5412FDDEB30064459D /* news.plist */ = {isa = PBXFileReference; fileEncoding = 4; lastKnownFileType = text.plist.xml; path = news.plist; sourceTree = "<group>"; };
		5D8C9F5612FDDED60064459D /* newsListViewController.h */ = {isa = PBXFileReference; fileEncoding = 4; lastKnownFileType = sourcecode.c.h; path = newsListViewController.h; sourceTree = "<group>"; };
		5D8C9F5712FDDED60064459D /* newsListViewController.m */ = {isa = PBXFileReference; fileEncoding = 4; lastKnownFileType = sourcecode.c.objc; path = newsListViewController.m; sourceTree = "<group>"; };
		5D8C9F5812FDDED60064459D /* newsListViewController.xib */ = {isa = PBXFileReference; lastKnownFileType = file.xib; path = newsListViewController.xib; sourceTree = "<group>"; };
		5DCF56F91300A925004C5CC9 /* aboutAgileLogo_@2x640x440.png */ = {isa = PBXFileReference; lastKnownFileType = image.png; path = "aboutAgileLogo_@2x640x440.png"; sourceTree = "<group>"; };
		5DCF56FA1300A926004C5CC9 /* aboutAgileLogo_320x220.png */ = {isa = PBXFileReference; lastKnownFileType = image.png; path = aboutAgileLogo_320x220.png; sourceTree = "<group>"; };
		5DCF56FB1300A926004C5CC9 /* aboutRIISLogo_@2x640x122.png */ = {isa = PBXFileReference; lastKnownFileType = image.png; path = "aboutRIISLogo_@2x640x122.png"; sourceTree = "<group>"; };
		5DCF56FC1300A92A004C5CC9 /* aboutRIISLogo_320x61.png */ = {isa = PBXFileReference; lastKnownFileType = image.png; path = aboutRIISLogo_320x61.png; sourceTree = "<group>"; };
		5DE58CB612F72B2800794353 /* AAB2011-initial.plist */ = {isa = PBXFileReference; fileEncoding = 4; lastKnownFileType = text.plist.xml; path = "AAB2011-initial.plist"; sourceTree = "<group>"; };
		5DE58F9A12F89B9100794353 /* UIKit.framework */ = {isa = PBXFileReference; lastKnownFileType = wrapper.framework; name = UIKit.framework; path = ../iBroadSoft/iphoneos3.1.3/System/Library/Frameworks/UIKit.framework; sourceTree = SOURCE_ROOT; };
		8D1107310486CEB800E47090 /* AgileAndBeyond-Info.plist */ = {isa = PBXFileReference; fileEncoding = 4; lastKnownFileType = text.plist.xml; path = "AgileAndBeyond-Info.plist"; plistStructureDefinitionIdentifier = "com.apple.xcode.plist.structure-definition.iphone.info-plist"; sourceTree = "<group>"; };
/* End PBXFileReference section */

/* Begin PBXFrameworksBuildPhase section */
		1D60588F0D05DD3D006BFB54 /* Frameworks */ = {
			isa = PBXFrameworksBuildPhase;
			buildActionMask = 2147483647;
			files = (
				1D60589F0D05DD5A006BFB54 /* Foundation.framework in Frameworks */,
				288765080DF74369002DB57D /* CoreGraphics.framework in Frameworks */,
				5DE58F9B12F89B9100794353 /* UIKit.framework in Frameworks */,
			);
			runOnlyForDeploymentPostprocessing = 0;
		};
/* End PBXFrameworksBuildPhase section */

/* Begin PBXGroup section */
		080E96DDFE201D6D7F000001 /* Classes */ = {
			isa = PBXGroup;
			children = (
				1D3623240D0F684500981E51 /* AgileAndBeyondAppDelegate.h */,
				1D3623250D0F684500981E51 /* AgileAndBeyondAppDelegate.m */,
				5D2B4BA612F1F6DE00EBE32C /* mainFilterSelectionMenu.h */,
				5D2B4BA712F1F6DE00EBE32C /* mainFilterSelectionMenu.m */,
				5D40583412F236D800780517 /* sessionListViewController.h */,
				5D40583512F236D800780517 /* sessionListViewController.m */,
				5D40583612F236D800780517 /* sessionListViewController.xib */,
				5D40589912F34D8000780517 /* session.h */,
				5D40589A12F34D8000780517 /* session.m */,
				5D8C9B8112FA02F40064459D /* AgileAndBeyondAppGlobals.h */,
				5D8C9CEE12FB05C70064459D /* sessionDetailsViewController.h */,
				5D8C9CEF12FB05C70064459D /* sessionDetailsViewController.m */,
				5D8C9CF012FB05C70064459D /* sessionDetailsViewController.xib */,
				5D8C9EB212FC84210064459D /* personDetailsViewController.h */,
				5D8C9EB312FC84210064459D /* personDetailsViewController.m */,
				5D8C9EB412FC84210064459D /* personDetailsViewController.xib */,
				5D8C9F5612FDDED60064459D /* newsListViewController.h */,
				5D8C9F5712FDDED60064459D /* newsListViewController.m */,
				5D8C9F5812FDDED60064459D /* newsListViewController.xib */,
			);
			path = Classes;
			sourceTree = "<group>";
		};
		19C28FACFE9D520D11CA2CBB /* Products */ = {
			isa = PBXGroup;
			children = (
				1D6058910D05DD3D006BFB54 /* AgileAndBeyond.app */,
			);
			name = Products;
			sourceTree = "<group>";
		};
		29B97314FDCFA39411CA2CEA /* AgileAndBeyond */ = {
			isa = PBXGroup;
			children = (
				080E96DDFE201D6D7F000001 /* Classes */,
				29B97315FDCFA39411CA2CEA /* Other Sources */,
				29B97317FDCFA39411CA2CEA /* Resources */,
				29B97323FDCFA39411CA2CEA /* Frameworks */,
				19C28FACFE9D520D11CA2CBB /* Products */,
			);
			name = AgileAndBeyond;
			sourceTree = "<group>";
		};
		29B97315FDCFA39411CA2CEA /* Other Sources */ = {
			isa = PBXGroup;
			children = (
				28A0AB4B0D9B1048005BE974 /* AgileAndBeyond_Prefix.pch */,
				29B97316FDCFA39411CA2CEA /* main.m */,
			);
			name = "Other Sources";
			sourceTree = "<group>";
		};
		29B97317FDCFA39411CA2CEA /* Resources */ = {
			isa = PBXGroup;
			children = (
				5DCF56F91300A925004C5CC9 /* aboutAgileLogo_@2x640x440.png */,
				5DCF56FA1300A926004C5CC9 /* aboutAgileLogo_320x220.png */,
				5DCF56FB1300A926004C5CC9 /* aboutRIISLogo_@2x640x122.png */,
				5DCF56FC1300A92A004C5CC9 /* aboutRIISLogo_320x61.png */,
				5DE58CB612F72B2800794353 /* AAB2011-initial.plist */,
				5D2B4BB412F20CDD00EBE32C /* about.png */,
				5D2B4BB512F20CDD00EBE32C /* about@2x.png */,
				5D2B4BB612F20CDD00EBE32C /* agileApp_Icon.png */,
				5D2B4BB712F20CDD00EBE32C /* agileApp_Icon@2x.png */,
				5D2B4BB812F20CDD00EBE32C /* default.png */,
				5D2B4BB912F20CDD00EBE32C /* default@2x.png */,
				5D2B4BBA12F20CDD00EBE32C /* mySessions.png */,
				5D2B4BBB12F20CDD00EBE32C /* mySessions@2x.png */,
				5D2B4BBC12F20CDD00EBE32C /* news.png */,
				5D2B4BBD12F20CDD00EBE32C /* news@2x.png */,
				5D2B4BBE12F20CDD00EBE32C /* sessions.png */,
				5D2B4BBF12F20CDD00EBE32C /* sessions@2x.png */,
				5D2B4B9612F0D14400EBE32C /* agile_logo_about.png */,
				5D2B4B9712F0D14400EBE32C /* riis_logo_about.png */,
				28AD73870D9D96C1002E5188 /* MainWindow.xib */,
				8D1107310486CEB800E47090 /* AgileAndBeyond-Info.plist */,
				5D8C9E9B12FC713F0064459D /* AAB2011-people.plist */,
				5D8C9F5412FDDEB30064459D /* news.plist */,
			);
			name = Resources;
			sourceTree = "<group>";
		};
		29B97323FDCFA39411CA2CEA /* Frameworks */ = {
			isa = PBXGroup;
			children = (
				5DE58F9A12F89B9100794353 /* UIKit.framework */,
				1D30AB110D05D00D00671497 /* Foundation.framework */,
				288765070DF74369002DB57D /* CoreGraphics.framework */,
			);
			name = Frameworks;
			sourceTree = "<group>";
		};
/* End PBXGroup section */

/* Begin PBXNativeTarget section */
		1D6058900D05DD3D006BFB54 /* AgileAndBeyond */ = {
			isa = PBXNativeTarget;
			buildConfigurationList = 1D6058960D05DD3E006BFB54 /* Build configuration list for PBXNativeTarget "AgileAndBeyond" */;
			buildPhases = (
				1D60588D0D05DD3D006BFB54 /* Resources */,
				1D60588E0D05DD3D006BFB54 /* Sources */,
				1D60588F0D05DD3D006BFB54 /* Frameworks */,
			);
			buildRules = (
			);
			dependencies = (
			);
			name = AgileAndBeyond;
			productName = AgileAndBeyond;
			productReference = 1D6058910D05DD3D006BFB54 /* AgileAndBeyond.app */;
			productType = "com.apple.product-type.application";
		};
/* End PBXNativeTarget section */

/* Begin PBXProject section */
		29B97313FDCFA39411CA2CEA /* Project object */ = {
			isa = PBXProject;
			attributes = {
				BuildIndependentTargetsInParallel = NO;
				ORGANIZATIONNAME = "RIIS LLC";
			};
			buildConfigurationList = C01FCF4E08A954540054247B /* Build configuration list for PBXProject "AgileAndBeyond" */;
			compatibilityVersion = "Xcode 3.2";
			developmentRegion = English;
			hasScannedForEncodings = 1;
			knownRegions = (
				English,
				Japanese,
				French,
				German,
			);
			mainGroup = 29B97314FDCFA39411CA2CEA /* AgileAndBeyond */;
			projectDirPath = "";
			projectRoot = "";
			targets = (
				1D6058900D05DD3D006BFB54 /* AgileAndBeyond */,
			);
		};
/* End PBXProject section */

/* Begin PBXResourcesBuildPhase section */
		1D60588D0D05DD3D006BFB54 /* Resources */ = {
			isa = PBXResourcesBuildPhase;
			buildActionMask = 2147483647;
			files = (
				28AD73880D9D96C1002E5188 /* MainWindow.xib in Resources */,
				5D2B4B9812F0D14400EBE32C /* agile_logo_about.png in Resources */,
				5D2B4B9912F0D14400EBE32C /* riis_logo_about.png in Resources */,
				5D2B4BC012F20CDD00EBE32C /* about.png in Resources */,
				5D2B4BC112F20CDD00EBE32C /* about@2x.png in Resources */,
				5D2B4BC212F20CDD00EBE32C /* agileApp_Icon.png in Resources */,
				5D2B4BC312F20CDD00EBE32C /* agileApp_Icon@2x.png in Resources */,
				5D2B4BC412F20CDD00EBE32C /* default.png in Resources */,
				5D2B4BC512F20CDD00EBE32C /* default@2x.png in Resources */,
				5D2B4BC612F20CDD00EBE32C /* mySessions.png in Resources */,
				5D2B4BC712F20CDD00EBE32C /* mySessions@2x.png in Resources */,
				5D2B4BC812F20CDD00EBE32C /* news.png in Resources */,
				5D2B4BC912F20CDD00EBE32C /* news@2x.png in Resources */,
				5D2B4BCA12F20CDD00EBE32C /* sessions.png in Resources */,
				5D2B4BCB12F20CDD00EBE32C /* sessions@2x.png in Resources */,
				5D40583812F236D800780517 /* sessionListViewController.xib in Resources */,
				5DE58CB712F72B2800794353 /* AAB2011-initial.plist in Resources */,
				5D8C9CF212FB05C70064459D /* sessionDetailsViewController.xib in Resources */,
				5D8C9E9C12FC713F0064459D /* AAB2011-people.plist in Resources */,
				5D8C9EB612FC84210064459D /* personDetailsViewController.xib in Resources */,
				5D8C9F5512FDDEB30064459D /* news.plist in Resources */,
				5D8C9F5A12FDDED60064459D /* newsListViewController.xib in Resources */,
				5DCF56FD1300A92A004C5CC9 /* aboutAgileLogo_@2x640x440.png in Resources */,
				5DCF56FE1300A92A004C5CC9 /* aboutAgileLogo_320x220.png in Resources */,
				5DCF56FF1300A92A004C5CC9 /* aboutRIISLogo_@2x640x122.png in Resources */,
				5DCF57001300A92A004C5CC9 /* aboutRIISLogo_320x61.png in Resources */,
			);
			runOnlyForDeploymentPostprocessing = 0;
		};
/* End PBXResourcesBuildPhase section */

/* Begin PBXSourcesBuildPhase section */
		1D60588E0D05DD3D006BFB54 /* Sources */ = {
			isa = PBXSourcesBuildPhase;
			buildActionMask = 2147483647;
			files = (
				1D60589B0D05DD56006BFB54 /* main.m in Sources */,
				1D3623260D0F684500981E51 /* AgileAndBeyondAppDelegate.m in Sources */,
				5D2B4BA812F1F6DE00EBE32C /* mainFilterSelectionMenu.m in Sources */,
				5D40583712F236D800780517 /* sessionListViewController.m in Sources */,
				5D40589B12F34D8000780517 /* session.m in Sources */,
				5D8C9CF112FB05C70064459D /* sessionDetailsViewController.m in Sources */,
				5D8C9EB512FC84210064459D /* personDetailsViewController.m in Sources */,
				5D8C9F5912FDDED60064459D /* newsListViewController.m in Sources */,
			);
			runOnlyForDeploymentPostprocessing = 0;
		};
/* End PBXSourcesBuildPhase section */

/* Begin XCBuildConfiguration section */
		1D6058940D05DD3E006BFB54 /* Debug */ = {
			isa = XCBuildConfiguration;
			buildSettings = {
				ALWAYS_SEARCH_USER_PATHS = NO;
				COPY_PHASE_STRIP = NO;
				FRAMEWORK_SEARCH_PATHS = (
					"$(inherited)",
					"\"$(SRCROOT)/../iBroadSoft/iphoneos3.1.3/System/Library/Frameworks\"",
				);
				GCC_DYNAMIC_NO_PIC = NO;
				GCC_OPTIMIZATION_LEVEL = 0;
				GCC_PRECOMPILE_PREFIX_HEADER = YES;
				GCC_PREFIX_HEADER = AgileAndBeyond_Prefix.pch;
				INFOPLIST_FILE = "AgileAndBeyond-Info.plist";
				PRODUCT_NAME = AgileAndBeyond;
			};
			name = Debug;
		};
		1D6058950D05DD3E006BFB54 /* Release */ = {
			isa = XCBuildConfiguration;
			buildSettings = {
				ALWAYS_SEARCH_USER_PATHS = NO;
				COPY_PHASE_STRIP = YES;
				FRAMEWORK_SEARCH_PATHS = (
					"$(inherited)",
					"\"$(SRCROOT)/../iBroadSoft/iphoneos3.1.3/System/Library/Frameworks\"",
				);
				GCC_PRECOMPILE_PREFIX_HEADER = YES;
				GCC_PREFIX_HEADER = AgileAndBeyond_Prefix.pch;
				INFOPLIST_FILE = "AgileAndBeyond-Info.plist";
				PRODUCT_NAME = AgileAndBeyond;
				VALIDATE_PRODUCT = YES;
			};
			name = Release;
		};
		C01FCF4F08A954540054247B /* Debug */ = {
			isa = XCBuildConfiguration;
			buildSettings = {
				ARCHS = "$(ARCHS_STANDARD_32_BIT)";
				"CODE_SIGN_IDENTITY[sdk=*]" = "Don't Code Sign";
				GCC_C_LANGUAGE_STANDARD = c99;
				GCC_VERSION = 4.2;
				GCC_WARN_ABOUT_RETURN_TYPE = YES;
				GCC_WARN_UNUSED_VARIABLE = YES;
				PREBINDING = NO;
				"PROVISIONING_PROFILE[sdk=*]" = "";
				SDKROOT = iphoneos;
			};
			name = Debug;
		};
		C01FCF5008A954540054247B /* Release */ = {
			isa = XCBuildConfiguration;
			buildSettings = {
				ARCHS = "$(ARCHS_STANDARD_32_BIT)";
				"CODE_SIGN_IDENTITY[sdk=iphoneos*]" = "iPhone Developer";
				GCC_C_LANGUAGE_STANDARD = c99;
				GCC_WARN_ABOUT_RETURN_TYPE = YES;
				GCC_WARN_UNUSED_VARIABLE = YES;
				OTHER_CFLAGS = "-DNS_BLOCK_ASSERTIONS=1";
				PREBINDING = NO;
				SDKROOT = iphoneos4.2;
			};
			name = Release;
		};
/* End XCBuildConfiguration section */

/* Begin XCConfigurationList section */
		1D6058960D05DD3E006BFB54 /* Build configuration list for PBXNativeTarget "AgileAndBeyond" */ = {
			isa = XCConfigurationList;
			buildConfigurations = (
				1D6058940D05DD3E006BFB54 /* Debug */,
				1D6058950D05DD3E006BFB54 /* Release */,
			);
			defaultConfigurationIsVisible = 0;
			defaultConfigurationName = Release;
		};
		C01FCF4E08A954540054247B /* Build configuration list for PBXProject "AgileAndBeyond" */ = {
			isa = XCConfigurationList;
			buildConfigurations = (
				C01FCF4F08A954540054247B /* Debug */,
				C01FCF5008A954540054247B /* Release */,
			);
			defaultConfigurationIsVisible = 0;
			defaultConfigurationName = Release;
		};
/* End XCConfigurationList section */
	};
	rootObject = 29B97313FDCFA39411CA2CEA /* Project object */;
}
